// !$*UTF8*$!
{
	archiveVersion = 1;
	classes = {
	};
	objectVersion = 56;
	objects = {

/* Begin PBXBuildFile section */
		C814866B29739E23005DBB08 /* SideMenuViewModel.swift in Sources */ = {isa = PBXBuildFile; fileRef = C814866A29739E23005DBB08 /* SideMenuViewModel.swift */; };
		C814866D29739EA5005DBB08 /* Option.swift in Sources */ = {isa = PBXBuildFile; fileRef = C814866C29739EA5005DBB08 /* Option.swift */; };
		C814866F2973A28A005DBB08 /* SidebarCollectionView.swift in Sources */ = {isa = PBXBuildFile; fileRef = C814866E2973A28A005DBB08 /* SidebarCollectionView.swift */; };
		C81486712973A2B7005DBB08 /* SidebarView.swift in Sources */ = {isa = PBXBuildFile; fileRef = C81486702973A2B7005DBB08 /* SidebarView.swift */; };
		C81486732973A2C5005DBB08 /* SidebarViewContainer.swift in Sources */ = {isa = PBXBuildFile; fileRef = C81486722973A2C5005DBB08 /* SidebarViewContainer.swift */; };
		C81486752973A378005DBB08 /* UIView.swift in Sources */ = {isa = PBXBuildFile; fileRef = C81486742973A378005DBB08 /* UIView.swift */; };
		C81486772973A4F3005DBB08 /* UIWindow.swift in Sources */ = {isa = PBXBuildFile; fileRef = C81486762973A4F3005DBB08 /* UIWindow.swift */; };
		C821BE1929712B1B0094D7F5 /* PokemonCollectionViewCell.swift in Sources */ = {isa = PBXBuildFile; fileRef = C821BE1729712B1B0094D7F5 /* PokemonCollectionViewCell.swift */; };
		C821BE1A29712B1B0094D7F5 /* PokemonCollectionViewCell.xib in Resources */ = {isa = PBXBuildFile; fileRef = C821BE1829712B1B0094D7F5 /* PokemonCollectionViewCell.xib */; };
		C821BE1C29712E030094D7F5 /* UICollectionView+ReusableView.swift in Sources */ = {isa = PBXBuildFile; fileRef = C821BE1B29712E030094D7F5 /* UICollectionView+ReusableView.swift */; };
		C821BE1E297148640094D7F5 /* UICollectionViewController.swift in Sources */ = {isa = PBXBuildFile; fileRef = C821BE1D297148640094D7F5 /* UICollectionViewController.swift */; };
		C821BE2029714F600094D7F5 /* Language.swift in Sources */ = {isa = PBXBuildFile; fileRef = C821BE1F29714F600094D7F5 /* Language.swift */; };
		C824C35D29724F1300662885 /* UserDefaultsManager.swift in Sources */ = {isa = PBXBuildFile; fileRef = C824C35C29724F1300662885 /* UserDefaultsManager.swift */; };
		C824C3632972877C00662885 /* TeamListCoordinator.swift in Sources */ = {isa = PBXBuildFile; fileRef = C824C3622972877C00662885 /* TeamListCoordinator.swift */; };
		C824C3652972878B00662885 /* TeamListViewModel.swift in Sources */ = {isa = PBXBuildFile; fileRef = C824C3642972878B00662885 /* TeamListViewModel.swift */; };
		C824C367297287AC00662885 /* TeamListViewController.swift in Sources */ = {isa = PBXBuildFile; fileRef = C824C366297287AC00662885 /* TeamListViewController.swift */; };
		C824C369297287B800662885 /* Team.swift in Sources */ = {isa = PBXBuildFile; fileRef = C824C368297287B800662885 /* Team.swift */; };
		C824C36C297298BB00662885 /* CodableFirebase in Frameworks */ = {isa = PBXBuildFile; productRef = C824C36B297298BB00662885 /* CodableFirebase */; };
		C830BD2829705C1A003A52C4 /* PokemonDetailCoordinator.swift in Sources */ = {isa = PBXBuildFile; fileRef = C830BD2729705C1A003A52C4 /* PokemonDetailCoordinator.swift */; };
		C830BD2A29705C26003A52C4 /* PokemonDetailViewModel.swift in Sources */ = {isa = PBXBuildFile; fileRef = C830BD2929705C26003A52C4 /* PokemonDetailViewModel.swift */; };
		C830BD2D29705C3B003A52C4 /* PokemonDetailViewController.swift in Sources */ = {isa = PBXBuildFile; fileRef = C830BD2B29705C3B003A52C4 /* PokemonDetailViewController.swift */; };
		C830BD2E29705C3B003A52C4 /* PokemonDetailViewController.xib in Resources */ = {isa = PBXBuildFile; fileRef = C830BD2C29705C3B003A52C4 /* PokemonDetailViewController.xib */; };
		C830BD302970681A003A52C4 /* PokemonDetailBase.swift in Sources */ = {isa = PBXBuildFile; fileRef = C830BD2F2970681A003A52C4 /* PokemonDetailBase.swift */; };
		C830BD322970693F003A52C4 /* Group.swift in Sources */ = {isa = PBXBuildFile; fileRef = C830BD312970693F003A52C4 /* Group.swift */; };
		C830BD342970694D003A52C4 /* FlavorText.swift in Sources */ = {isa = PBXBuildFile; fileRef = C830BD332970694D003A52C4 /* FlavorText.swift */; };
		C830BD36297077AD003A52C4 /* ImageCacheStore.swift in Sources */ = {isa = PBXBuildFile; fileRef = C830BD35297077AD003A52C4 /* ImageCacheStore.swift */; };
		C87287442972F78D004680D9 /* PokemonTeamCoordinator.swift in Sources */ = {isa = PBXBuildFile; fileRef = C87287432972F78D004680D9 /* PokemonTeamCoordinator.swift */; };
		C87287462972F79D004680D9 /* PokemonTeamViewModel.swift in Sources */ = {isa = PBXBuildFile; fileRef = C87287452972F79D004680D9 /* PokemonTeamViewModel.swift */; };
		C87287482972F7A9004680D9 /* PokemonTeamViewController.swift in Sources */ = {isa = PBXBuildFile; fileRef = C87287472972F7A9004680D9 /* PokemonTeamViewController.swift */; };
		C8D0F45B296F40D300C5F74D /* AppDelegate.swift in Sources */ = {isa = PBXBuildFile; fileRef = C8D0F45A296F40D300C5F74D /* AppDelegate.swift */; };
		C8D0F464296F40D400C5F74D /* Assets.xcassets in Resources */ = {isa = PBXBuildFile; fileRef = C8D0F463296F40D400C5F74D /* Assets.xcassets */; };
		C8D0F467296F40D400C5F74D /* LaunchScreen.storyboard in Resources */ = {isa = PBXBuildFile; fileRef = C8D0F465296F40D400C5F74D /* LaunchScreen.storyboard */; };
		C8D0F46F296F414600C5F74D /* App.swift in Sources */ = {isa = PBXBuildFile; fileRef = C8D0F46E296F414600C5F74D /* App.swift */; };
		C8D0F472296F416100C5F74D /* AppTransition.swift in Sources */ = {isa = PBXBuildFile; fileRef = C8D0F471296F416100C5F74D /* AppTransition.swift */; };
		C8D0F477296F420E00C5F74D /* Coordinator.swift in Sources */ = {isa = PBXBuildFile; fileRef = C8D0F476296F420E00C5F74D /* Coordinator.swift */; };
		C8D0F479296F421A00C5F74D /* Router.swift in Sources */ = {isa = PBXBuildFile; fileRef = C8D0F478296F421A00C5F74D /* Router.swift */; };
		C8D0F47E296F433700C5F74D /* LogInCoordinator.swift in Sources */ = {isa = PBXBuildFile; fileRef = C8D0F47D296F433700C5F74D /* LogInCoordinator.swift */; };
		C8D0F480296F437400C5F74D /* LogInViewModel.swift in Sources */ = {isa = PBXBuildFile; fileRef = C8D0F47F296F437400C5F74D /* LogInViewModel.swift */; };
		C8D0F483296F438F00C5F74D /* LogInViewController.swift in Sources */ = {isa = PBXBuildFile; fileRef = C8D0F481296F438F00C5F74D /* LogInViewController.swift */; };
		C8D0F484296F438F00C5F74D /* LogInViewController.xib in Resources */ = {isa = PBXBuildFile; fileRef = C8D0F482296F438F00C5F74D /* LogInViewController.xib */; };
		C8D0F486296F7DEB00C5F74D /* GoogleService-Info.plist in Resources */ = {isa = PBXBuildFile; fileRef = C8D0F485296F7DEB00C5F74D /* GoogleService-Info.plist */; };
		C8D0F489296F809F00C5F74D /* FirebaseAnalytics in Frameworks */ = {isa = PBXBuildFile; productRef = C8D0F488296F809F00C5F74D /* FirebaseAnalytics */; };
		C8D0F48B296F809F00C5F74D /* FirebaseAnalyticsSwift in Frameworks */ = {isa = PBXBuildFile; productRef = C8D0F48A296F809F00C5F74D /* FirebaseAnalyticsSwift */; };
		C8D0F48D296F809F00C5F74D /* FirebaseAuth in Frameworks */ = {isa = PBXBuildFile; productRef = C8D0F48C296F809F00C5F74D /* FirebaseAuth */; };
		C8D0F48F296F809F00C5F74D /* FirebaseCrashlytics in Frameworks */ = {isa = PBXBuildFile; productRef = C8D0F48E296F809F00C5F74D /* FirebaseCrashlytics */; };
		C8D0F491296F809F00C5F74D /* FirebaseDatabase in Frameworks */ = {isa = PBXBuildFile; productRef = C8D0F490296F809F00C5F74D /* FirebaseDatabase */; };
		C8D0F493296F809F00C5F74D /* FirebaseDatabaseSwift in Frameworks */ = {isa = PBXBuildFile; productRef = C8D0F492296F809F00C5F74D /* FirebaseDatabaseSwift */; };
		C8D0F496296F96EA00C5F74D /* GoogleSignIn in Frameworks */ = {isa = PBXBuildFile; productRef = C8D0F495296F96EA00C5F74D /* GoogleSignIn */; };
		C8D0F498296F96EA00C5F74D /* GoogleSignInSwift in Frameworks */ = {isa = PBXBuildFile; productRef = C8D0F497296F96EA00C5F74D /* GoogleSignInSwift */; };
		C8D0F49F296FA2DA00C5F74D /* HomeViewModel.swift in Sources */ = {isa = PBXBuildFile; fileRef = C8D0F49E296FA2DA00C5F74D /* HomeViewModel.swift */; };
		C8D0F4A1296FA2ED00C5F74D /* HomeCoordinator.swift in Sources */ = {isa = PBXBuildFile; fileRef = C8D0F4A0296FA2ED00C5F74D /* HomeCoordinator.swift */; };
		C8D0F4A4296FA3A700C5F74D /* HomeViewController.swift in Sources */ = {isa = PBXBuildFile; fileRef = C8D0F4A2296FA3A700C5F74D /* HomeViewController.swift */; };
		C8D0F4A9296FA66000C5F74D /* UIAlertController+Builder.swift in Sources */ = {isa = PBXBuildFile; fileRef = C8D0F4A8296FA66000C5F74D /* UIAlertController+Builder.swift */; };
		C8D0F4AB296FA9B600C5F74D /* AppStyle.swift in Sources */ = {isa = PBXBuildFile; fileRef = C8D0F4AA296FA9B600C5F74D /* AppStyle.swift */; };
		C8D0F4AE296FC33E00C5F74D /* RegionResponse.swift in Sources */ = {isa = PBXBuildFile; fileRef = C8D0F4AD296FC33E00C5F74D /* RegionResponse.swift */; };
		C8D0F4B0296FC34900C5F74D /* Region.swift in Sources */ = {isa = PBXBuildFile; fileRef = C8D0F4AF296FC34900C5F74D /* Region.swift */; };
		C8D0F4B3296FC45400C5F74D /* APIManager.swift in Sources */ = {isa = PBXBuildFile; fileRef = C8D0F4B2296FC45400C5F74D /* APIManager.swift */; };
		C8D0F4B5296FC7B300C5F74D /* Failure.swift in Sources */ = {isa = PBXBuildFile; fileRef = C8D0F4B4296FC7B300C5F74D /* Failure.swift */; };
		C8D0F4BB296FCE7300C5F74D /* PokemonListCoordinator.swift in Sources */ = {isa = PBXBuildFile; fileRef = C8D0F4BA296FCE7300C5F74D /* PokemonListCoordinator.swift */; };
		C8D0F4BD296FCEA600C5F74D /* PokemonListViewModel.swift in Sources */ = {isa = PBXBuildFile; fileRef = C8D0F4BC296FCEA600C5F74D /* PokemonListViewModel.swift */; };
		C8D0F4BF296FCF1300C5F74D /* PokemonListViewController.swift in Sources */ = {isa = PBXBuildFile; fileRef = C8D0F4BE296FCF1300C5F74D /* PokemonListViewController.swift */; };
		C8D0F4C1296FD0EC00C5F74D /* PokemonResponse.swift in Sources */ = {isa = PBXBuildFile; fileRef = C8D0F4C0296FD0EC00C5F74D /* PokemonResponse.swift */; };
		C8D0F4C3296FD0FF00C5F74D /* Pokemon.swift in Sources */ = {isa = PBXBuildFile; fileRef = C8D0F4C2296FD0FF00C5F74D /* Pokemon.swift */; };
		C8D0F4C9296FEA1C00C5F74D /* PokedexListCoordinator.swift in Sources */ = {isa = PBXBuildFile; fileRef = C8D0F4C8296FEA1C00C5F74D /* PokedexListCoordinator.swift */; };
		C8D0F4CB296FEA5700C5F74D /* PokedexListViewModel.swift in Sources */ = {isa = PBXBuildFile; fileRef = C8D0F4CA296FEA5700C5F74D /* PokedexListViewModel.swift */; };
		C8D0F4CD296FEA6A00C5F74D /* PokedexListViewController.swift in Sources */ = {isa = PBXBuildFile; fileRef = C8D0F4CC296FEA6A00C5F74D /* PokedexListViewController.swift */; };
		C8D0F4CF296FEFA600C5F74D /* PokedexResponse.swift in Sources */ = {isa = PBXBuildFile; fileRef = C8D0F4CE296FEFA600C5F74D /* PokedexResponse.swift */; };
		C8D0F4D1296FEFB800C5F74D /* Pokedex.swift in Sources */ = {isa = PBXBuildFile; fileRef = C8D0F4D0296FEFB800C5F74D /* Pokedex.swift */; };
/* End PBXBuildFile section */

/* Begin PBXFileReference section */
		C814866A29739E23005DBB08 /* SideMenuViewModel.swift */ = {isa = PBXFileReference; lastKnownFileType = sourcecode.swift; path = SideMenuViewModel.swift; sourceTree = "<group>"; };
		C814866C29739EA5005DBB08 /* Option.swift */ = {isa = PBXFileReference; lastKnownFileType = sourcecode.swift; path = Option.swift; sourceTree = "<group>"; };
		C814866E2973A28A005DBB08 /* SidebarCollectionView.swift */ = {isa = PBXFileReference; lastKnownFileType = sourcecode.swift; path = SidebarCollectionView.swift; sourceTree = "<group>"; };
		C81486702973A2B7005DBB08 /* SidebarView.swift */ = {isa = PBXFileReference; lastKnownFileType = sourcecode.swift; path = SidebarView.swift; sourceTree = "<group>"; };
		C81486722973A2C5005DBB08 /* SidebarViewContainer.swift */ = {isa = PBXFileReference; lastKnownFileType = sourcecode.swift; path = SidebarViewContainer.swift; sourceTree = "<group>"; };
		C81486742973A378005DBB08 /* UIView.swift */ = {isa = PBXFileReference; lastKnownFileType = sourcecode.swift; path = UIView.swift; sourceTree = "<group>"; };
		C81486762973A4F3005DBB08 /* UIWindow.swift */ = {isa = PBXFileReference; lastKnownFileType = sourcecode.swift; path = UIWindow.swift; sourceTree = "<group>"; };
		C821BE1729712B1B0094D7F5 /* PokemonCollectionViewCell.swift */ = {isa = PBXFileReference; lastKnownFileType = sourcecode.swift; path = PokemonCollectionViewCell.swift; sourceTree = "<group>"; };
		C821BE1829712B1B0094D7F5 /* PokemonCollectionViewCell.xib */ = {isa = PBXFileReference; lastKnownFileType = file.xib; path = PokemonCollectionViewCell.xib; sourceTree = "<group>"; };
		C821BE1B29712E030094D7F5 /* UICollectionView+ReusableView.swift */ = {isa = PBXFileReference; lastKnownFileType = sourcecode.swift; path = "UICollectionView+ReusableView.swift"; sourceTree = "<group>"; };
		C821BE1D297148640094D7F5 /* UICollectionViewController.swift */ = {isa = PBXFileReference; lastKnownFileType = sourcecode.swift; path = UICollectionViewController.swift; sourceTree = "<group>"; };
		C821BE1F29714F600094D7F5 /* Language.swift */ = {isa = PBXFileReference; lastKnownFileType = sourcecode.swift; path = Language.swift; sourceTree = "<group>"; };
		C824C35C29724F1300662885 /* UserDefaultsManager.swift */ = {isa = PBXFileReference; lastKnownFileType = sourcecode.swift; path = UserDefaultsManager.swift; sourceTree = "<group>"; };
		C824C3622972877C00662885 /* TeamListCoordinator.swift */ = {isa = PBXFileReference; lastKnownFileType = sourcecode.swift; path = TeamListCoordinator.swift; sourceTree = "<group>"; };
		C824C3642972878B00662885 /* TeamListViewModel.swift */ = {isa = PBXFileReference; lastKnownFileType = sourcecode.swift; path = TeamListViewModel.swift; sourceTree = "<group>"; };
		C824C366297287AC00662885 /* TeamListViewController.swift */ = {isa = PBXFileReference; lastKnownFileType = sourcecode.swift; path = TeamListViewController.swift; sourceTree = "<group>"; };
		C824C368297287B800662885 /* Team.swift */ = {isa = PBXFileReference; lastKnownFileType = sourcecode.swift; path = Team.swift; sourceTree = "<group>"; };
		C830BD2729705C1A003A52C4 /* PokemonDetailCoordinator.swift */ = {isa = PBXFileReference; lastKnownFileType = sourcecode.swift; path = PokemonDetailCoordinator.swift; sourceTree = "<group>"; };
		C830BD2929705C26003A52C4 /* PokemonDetailViewModel.swift */ = {isa = PBXFileReference; lastKnownFileType = sourcecode.swift; path = PokemonDetailViewModel.swift; sourceTree = "<group>"; };
		C830BD2B29705C3B003A52C4 /* PokemonDetailViewController.swift */ = {isa = PBXFileReference; lastKnownFileType = sourcecode.swift; path = PokemonDetailViewController.swift; sourceTree = "<group>"; };
		C830BD2C29705C3B003A52C4 /* PokemonDetailViewController.xib */ = {isa = PBXFileReference; lastKnownFileType = file.xib; path = PokemonDetailViewController.xib; sourceTree = "<group>"; };
		C830BD2F2970681A003A52C4 /* PokemonDetailBase.swift */ = {isa = PBXFileReference; lastKnownFileType = sourcecode.swift; path = PokemonDetailBase.swift; sourceTree = "<group>"; };
		C830BD312970693F003A52C4 /* Group.swift */ = {isa = PBXFileReference; lastKnownFileType = sourcecode.swift; path = Group.swift; sourceTree = "<group>"; };
		C830BD332970694D003A52C4 /* FlavorText.swift */ = {isa = PBXFileReference; lastKnownFileType = sourcecode.swift; path = FlavorText.swift; sourceTree = "<group>"; };
		C830BD35297077AD003A52C4 /* ImageCacheStore.swift */ = {isa = PBXFileReference; lastKnownFileType = sourcecode.swift; path = ImageCacheStore.swift; sourceTree = "<group>"; };
		C87287432972F78D004680D9 /* PokemonTeamCoordinator.swift */ = {isa = PBXFileReference; lastKnownFileType = sourcecode.swift; path = PokemonTeamCoordinator.swift; sourceTree = "<group>"; };
		C87287452972F79D004680D9 /* PokemonTeamViewModel.swift */ = {isa = PBXFileReference; lastKnownFileType = sourcecode.swift; path = PokemonTeamViewModel.swift; sourceTree = "<group>"; };
		C87287472972F7A9004680D9 /* PokemonTeamViewController.swift */ = {isa = PBXFileReference; lastKnownFileType = sourcecode.swift; path = PokemonTeamViewController.swift; sourceTree = "<group>"; };
		C8D0F457296F40D300C5F74D /* Pokedex-iOS.app */ = {isa = PBXFileReference; explicitFileType = wrapper.application; includeInIndex = 0; path = "Pokedex-iOS.app"; sourceTree = BUILT_PRODUCTS_DIR; };
		C8D0F45A296F40D300C5F74D /* AppDelegate.swift */ = {isa = PBXFileReference; lastKnownFileType = sourcecode.swift; path = AppDelegate.swift; sourceTree = "<group>"; };
		C8D0F463296F40D400C5F74D /* Assets.xcassets */ = {isa = PBXFileReference; lastKnownFileType = folder.assetcatalog; path = Assets.xcassets; sourceTree = "<group>"; };
		C8D0F466296F40D400C5F74D /* Base */ = {isa = PBXFileReference; lastKnownFileType = file.storyboard; name = Base; path = Base.lproj/LaunchScreen.storyboard; sourceTree = "<group>"; };
		C8D0F468296F40D400C5F74D /* Info.plist */ = {isa = PBXFileReference; lastKnownFileType = text.plist.xml; path = Info.plist; sourceTree = "<group>"; };
		C8D0F46E296F414600C5F74D /* App.swift */ = {isa = PBXFileReference; lastKnownFileType = sourcecode.swift; path = App.swift; sourceTree = "<group>"; };
		C8D0F471296F416100C5F74D /* AppTransition.swift */ = {isa = PBXFileReference; lastKnownFileType = sourcecode.swift; path = AppTransition.swift; sourceTree = "<group>"; };
		C8D0F476296F420E00C5F74D /* Coordinator.swift */ = {isa = PBXFileReference; lastKnownFileType = sourcecode.swift; path = Coordinator.swift; sourceTree = "<group>"; };
		C8D0F478296F421A00C5F74D /* Router.swift */ = {isa = PBXFileReference; lastKnownFileType = sourcecode.swift; path = Router.swift; sourceTree = "<group>"; };
		C8D0F47D296F433700C5F74D /* LogInCoordinator.swift */ = {isa = PBXFileReference; lastKnownFileType = sourcecode.swift; path = LogInCoordinator.swift; sourceTree = "<group>"; };
		C8D0F47F296F437400C5F74D /* LogInViewModel.swift */ = {isa = PBXFileReference; lastKnownFileType = sourcecode.swift; path = LogInViewModel.swift; sourceTree = "<group>"; };
		C8D0F481296F438F00C5F74D /* LogInViewController.swift */ = {isa = PBXFileReference; lastKnownFileType = sourcecode.swift; path = LogInViewController.swift; sourceTree = "<group>"; };
		C8D0F482296F438F00C5F74D /* LogInViewController.xib */ = {isa = PBXFileReference; lastKnownFileType = file.xib; path = LogInViewController.xib; sourceTree = "<group>"; };
		C8D0F485296F7DEB00C5F74D /* GoogleService-Info.plist */ = {isa = PBXFileReference; fileEncoding = 4; lastKnownFileType = text.plist.xml; path = "GoogleService-Info.plist"; sourceTree = "<group>"; };
		C8D0F49E296FA2DA00C5F74D /* HomeViewModel.swift */ = {isa = PBXFileReference; lastKnownFileType = sourcecode.swift; path = HomeViewModel.swift; sourceTree = "<group>"; };
		C8D0F4A0296FA2ED00C5F74D /* HomeCoordinator.swift */ = {isa = PBXFileReference; lastKnownFileType = sourcecode.swift; path = HomeCoordinator.swift; sourceTree = "<group>"; };
		C8D0F4A2296FA3A700C5F74D /* HomeViewController.swift */ = {isa = PBXFileReference; lastKnownFileType = sourcecode.swift; path = HomeViewController.swift; sourceTree = "<group>"; };
		C8D0F4A8296FA66000C5F74D /* UIAlertController+Builder.swift */ = {isa = PBXFileReference; lastKnownFileType = sourcecode.swift; path = "UIAlertController+Builder.swift"; sourceTree = "<group>"; };
		C8D0F4AA296FA9B600C5F74D /* AppStyle.swift */ = {isa = PBXFileReference; lastKnownFileType = sourcecode.swift; path = AppStyle.swift; sourceTree = "<group>"; };
		C8D0F4AD296FC33E00C5F74D /* RegionResponse.swift */ = {isa = PBXFileReference; lastKnownFileType = sourcecode.swift; path = RegionResponse.swift; sourceTree = "<group>"; };
		C8D0F4AF296FC34900C5F74D /* Region.swift */ = {isa = PBXFileReference; lastKnownFileType = sourcecode.swift; path = Region.swift; sourceTree = "<group>"; };
		C8D0F4B2296FC45400C5F74D /* APIManager.swift */ = {isa = PBXFileReference; lastKnownFileType = sourcecode.swift; path = APIManager.swift; sourceTree = "<group>"; };
		C8D0F4B4296FC7B300C5F74D /* Failure.swift */ = {isa = PBXFileReference; lastKnownFileType = sourcecode.swift; path = Failure.swift; sourceTree = "<group>"; };
		C8D0F4BA296FCE7300C5F74D /* PokemonListCoordinator.swift */ = {isa = PBXFileReference; lastKnownFileType = sourcecode.swift; path = PokemonListCoordinator.swift; sourceTree = "<group>"; };
		C8D0F4BC296FCEA600C5F74D /* PokemonListViewModel.swift */ = {isa = PBXFileReference; lastKnownFileType = sourcecode.swift; path = PokemonListViewModel.swift; sourceTree = "<group>"; };
		C8D0F4BE296FCF1300C5F74D /* PokemonListViewController.swift */ = {isa = PBXFileReference; lastKnownFileType = sourcecode.swift; path = PokemonListViewController.swift; sourceTree = "<group>"; };
		C8D0F4C0296FD0EC00C5F74D /* PokemonResponse.swift */ = {isa = PBXFileReference; lastKnownFileType = sourcecode.swift; path = PokemonResponse.swift; sourceTree = "<group>"; };
		C8D0F4C2296FD0FF00C5F74D /* Pokemon.swift */ = {isa = PBXFileReference; lastKnownFileType = sourcecode.swift; path = Pokemon.swift; sourceTree = "<group>"; };
		C8D0F4C8296FEA1C00C5F74D /* PokedexListCoordinator.swift */ = {isa = PBXFileReference; lastKnownFileType = sourcecode.swift; path = PokedexListCoordinator.swift; sourceTree = "<group>"; };
		C8D0F4CA296FEA5700C5F74D /* PokedexListViewModel.swift */ = {isa = PBXFileReference; lastKnownFileType = sourcecode.swift; path = PokedexListViewModel.swift; sourceTree = "<group>"; };
		C8D0F4CC296FEA6A00C5F74D /* PokedexListViewController.swift */ = {isa = PBXFileReference; lastKnownFileType = sourcecode.swift; path = PokedexListViewController.swift; sourceTree = "<group>"; };
		C8D0F4CE296FEFA600C5F74D /* PokedexResponse.swift */ = {isa = PBXFileReference; lastKnownFileType = sourcecode.swift; path = PokedexResponse.swift; sourceTree = "<group>"; };
		C8D0F4D0296FEFB800C5F74D /* Pokedex.swift */ = {isa = PBXFileReference; lastKnownFileType = sourcecode.swift; path = Pokedex.swift; sourceTree = "<group>"; };
/* End PBXFileReference section */

/* Begin PBXFrameworksBuildPhase section */
		C8D0F454296F40D300C5F74D /* Frameworks */ = {
			isa = PBXFrameworksBuildPhase;
			buildActionMask = 2147483647;
			files = (
				C824C36C297298BB00662885 /* CodableFirebase in Frameworks */,
				C8D0F493296F809F00C5F74D /* FirebaseDatabaseSwift in Frameworks */,
				C8D0F491296F809F00C5F74D /* FirebaseDatabase in Frameworks */,
				C8D0F48B296F809F00C5F74D /* FirebaseAnalyticsSwift in Frameworks */,
				C8D0F498296F96EA00C5F74D /* GoogleSignInSwift in Frameworks */,
				C8D0F48F296F809F00C5F74D /* FirebaseCrashlytics in Frameworks */,
				C8D0F48D296F809F00C5F74D /* FirebaseAuth in Frameworks */,
				C8D0F489296F809F00C5F74D /* FirebaseAnalytics in Frameworks */,
				C8D0F496296F96EA00C5F74D /* GoogleSignIn in Frameworks */,
			);
			runOnlyForDeploymentPostprocessing = 0;
		};
/* End PBXFrameworksBuildPhase section */

/* Begin PBXGroup section */
		C814866629739DCA005DBB08 /* SideMenu */ = {
			isa = PBXGroup;
			children = (
				C814866929739DF4005DBB08 /* Model */,
				C814866829739DED005DBB08 /* View */,
				C814866729739DE6005DBB08 /* ViewModel */,
			);
			path = SideMenu;
			sourceTree = "<group>";
		};
		C814866729739DE6005DBB08 /* ViewModel */ = {
			isa = PBXGroup;
			children = (
				C814866A29739E23005DBB08 /* SideMenuViewModel.swift */,
			);
			path = ViewModel;
			sourceTree = "<group>";
		};
		C814866829739DED005DBB08 /* View */ = {
			isa = PBXGroup;
			children = (
				C814866E2973A28A005DBB08 /* SidebarCollectionView.swift */,
				C81486702973A2B7005DBB08 /* SidebarView.swift */,
				C81486722973A2C5005DBB08 /* SidebarViewContainer.swift */,
			);
			path = View;
			sourceTree = "<group>";
		};
		C814866929739DF4005DBB08 /* Model */ = {
			isa = PBXGroup;
			children = (
				C814866C29739EA5005DBB08 /* Option.swift */,
			);
			path = Model;
			sourceTree = "<group>";
		};
		C821BE1629712ADA0094D7F5 /* Cell */ = {
			isa = PBXGroup;
			children = (
				C821BE1729712B1B0094D7F5 /* PokemonCollectionViewCell.swift */,
				C821BE1829712B1B0094D7F5 /* PokemonCollectionViewCell.xib */,
			);
			path = Cell;
			sourceTree = "<group>";
		};
		C824C35E2972874C00662885 /* TeamList */ = {
			isa = PBXGroup;
			children = (
				C824C3622972877C00662885 /* TeamListCoordinator.swift */,
				C824C3612972876400662885 /* Model */,
				C824C3602972875D00662885 /* View */,
				C824C35F2972875400662885 /* ViewModel */,
			);
			path = TeamList;
			sourceTree = "<group>";
		};
		C824C35F2972875400662885 /* ViewModel */ = {
			isa = PBXGroup;
			children = (
				C824C3642972878B00662885 /* TeamListViewModel.swift */,
			);
			path = ViewModel;
			sourceTree = "<group>";
		};
		C824C3602972875D00662885 /* View */ = {
			isa = PBXGroup;
			children = (
				C824C366297287AC00662885 /* TeamListViewController.swift */,
			);
			path = View;
			sourceTree = "<group>";
		};
		C824C3612972876400662885 /* Model */ = {
			isa = PBXGroup;
			children = (
				C824C368297287B800662885 /* Team.swift */,
			);
			path = Model;
			sourceTree = "<group>";
		};
		C830BD2329705BE8003A52C4 /* PokemonDetail */ = {
			isa = PBXGroup;
			children = (
				C830BD2729705C1A003A52C4 /* PokemonDetailCoordinator.swift */,
				C830BD2629705C06003A52C4 /* Model */,
				C830BD2529705BFF003A52C4 /* View */,
				C830BD2429705BF6003A52C4 /* ViewModel */,
			);
			path = PokemonDetail;
			sourceTree = "<group>";
		};
		C830BD2429705BF6003A52C4 /* ViewModel */ = {
			isa = PBXGroup;
			children = (
				C830BD2929705C26003A52C4 /* PokemonDetailViewModel.swift */,
			);
			path = ViewModel;
			sourceTree = "<group>";
		};
		C830BD2529705BFF003A52C4 /* View */ = {
			isa = PBXGroup;
			children = (
				C830BD2B29705C3B003A52C4 /* PokemonDetailViewController.swift */,
				C830BD2C29705C3B003A52C4 /* PokemonDetailViewController.xib */,
			);
			path = View;
			sourceTree = "<group>";
		};
		C830BD2629705C06003A52C4 /* Model */ = {
			isa = PBXGroup;
			children = (
				C830BD2F2970681A003A52C4 /* PokemonDetailBase.swift */,
				C830BD312970693F003A52C4 /* Group.swift */,
				C830BD332970694D003A52C4 /* FlavorText.swift */,
				C821BE1F29714F600094D7F5 /* Language.swift */,
			);
			path = Model;
			sourceTree = "<group>";
		};
		C87287402972F757004680D9 /* PokemonTeam */ = {
			isa = PBXGroup;
			children = (
				C87287432972F78D004680D9 /* PokemonTeamCoordinator.swift */,
				C87287422972F777004680D9 /* View */,
				C87287412972F76F004680D9 /* ViewModel */,
			);
			path = PokemonTeam;
			sourceTree = "<group>";
		};
		C87287412972F76F004680D9 /* ViewModel */ = {
			isa = PBXGroup;
			children = (
				C87287452972F79D004680D9 /* PokemonTeamViewModel.swift */,
			);
			path = ViewModel;
			sourceTree = "<group>";
		};
		C87287422972F777004680D9 /* View */ = {
			isa = PBXGroup;
			children = (
				C87287472972F7A9004680D9 /* PokemonTeamViewController.swift */,
			);
			path = View;
			sourceTree = "<group>";
		};
		C8D0F44E296F40D300C5F74D = {
			isa = PBXGroup;
			children = (
				C8D0F459296F40D300C5F74D /* Pokedex-iOS */,
				C8D0F458296F40D300C5F74D /* Products */,
			);
			sourceTree = "<group>";
		};
		C8D0F458296F40D300C5F74D /* Products */ = {
			isa = PBXGroup;
			children = (
				C8D0F457296F40D300C5F74D /* Pokedex-iOS.app */,
			);
			name = Products;
			sourceTree = "<group>";
		};
		C8D0F459296F40D300C5F74D /* Pokedex-iOS */ = {
			isa = PBXGroup;
			children = (
				C8D0F4B1296FC44100C5F74D /* Networking */,
				C8D0F4A6296FA64500C5F74D /* Helpers */,
				C8D0F474296F41F400C5F74D /* Protocols */,
				C8D0F473296F41EB00C5F74D /* Views */,
				C8D0F470296F414F00C5F74D /* App */,
				C8D0F45A296F40D300C5F74D /* AppDelegate.swift */,
				C8D0F463296F40D400C5F74D /* Assets.xcassets */,
				C8D0F465296F40D400C5F74D /* LaunchScreen.storyboard */,
				C8D0F468296F40D400C5F74D /* Info.plist */,
				C8D0F485296F7DEB00C5F74D /* GoogleService-Info.plist */,
			);
			path = "Pokedex-iOS";
			sourceTree = "<group>";
		};
		C8D0F470296F414F00C5F74D /* App */ = {
			isa = PBXGroup;
			children = (
				C8D0F46E296F414600C5F74D /* App.swift */,
				C8D0F471296F416100C5F74D /* AppTransition.swift */,
			);
			path = App;
			sourceTree = "<group>";
		};
		C8D0F473296F41EB00C5F74D /* Views */ = {
			isa = PBXGroup;
			children = (
				C814866629739DCA005DBB08 /* SideMenu */,
				C87287402972F757004680D9 /* PokemonTeam */,
				C824C35E2972874C00662885 /* TeamList */,
				C830BD2329705BE8003A52C4 /* PokemonDetail */,
				C8D0F4B6296FCE0400C5F74D /* PokemonList */,
				C8D0F4C4296FE9EA00C5F74D /* PokedexList */,
				CED88C4C296F7EC6000F51C1 /* Home */,
				C8D0F47A296F428C00C5F74D /* LogIn */,
			);
			path = Views;
			sourceTree = "<group>";
		};
		C8D0F474296F41F400C5F74D /* Protocols */ = {
			isa = PBXGroup;
			children = (
				C8D0F475296F41FE00C5F74D /* Routers */,
				C8D0F476296F420E00C5F74D /* Coordinator.swift */,
			);
			path = Protocols;
			sourceTree = "<group>";
		};
		C8D0F475296F41FE00C5F74D /* Routers */ = {
			isa = PBXGroup;
			children = (
				C8D0F478296F421A00C5F74D /* Router.swift */,
			);
			path = Routers;
			sourceTree = "<group>";
		};
		C8D0F47A296F428C00C5F74D /* LogIn */ = {
			isa = PBXGroup;
			children = (
				C8D0F47D296F433700C5F74D /* LogInCoordinator.swift */,
				C8D0F47C296F431B00C5F74D /* View */,
				C8D0F47B296F431400C5F74D /* ViewModel */,
			);
			path = LogIn;
			sourceTree = "<group>";
		};
		C8D0F47B296F431400C5F74D /* ViewModel */ = {
			isa = PBXGroup;
			children = (
				C8D0F47F296F437400C5F74D /* LogInViewModel.swift */,
			);
			path = ViewModel;
			sourceTree = "<group>";
		};
		C8D0F47C296F431B00C5F74D /* View */ = {
			isa = PBXGroup;
			children = (
				C8D0F481296F438F00C5F74D /* LogInViewController.swift */,
				C8D0F482296F438F00C5F74D /* LogInViewController.xib */,
			);
			path = View;
			sourceTree = "<group>";
		};
		C8D0F499296FA29700C5F74D /* ViewModel */ = {
			isa = PBXGroup;
			children = (
				C8D0F49E296FA2DA00C5F74D /* HomeViewModel.swift */,
			);
			path = ViewModel;
			sourceTree = "<group>";
		};
		C8D0F4A6296FA64500C5F74D /* Helpers */ = {
			isa = PBXGroup;
			children = (
				C8D0F4A7296FA64E00C5F74D /* Extensions */,
				C8D0F4AA296FA9B600C5F74D /* AppStyle.swift */,
				C830BD35297077AD003A52C4 /* ImageCacheStore.swift */,
				C824C35C29724F1300662885 /* UserDefaultsManager.swift */,
			);
			path = Helpers;
			sourceTree = "<group>";
		};
		C8D0F4A7296FA64E00C5F74D /* Extensions */ = {
			isa = PBXGroup;
			children = (
				C8D0F4A8296FA66000C5F74D /* UIAlertController+Builder.swift */,
				C821BE1B29712E030094D7F5 /* UICollectionView+ReusableView.swift */,
				C821BE1D297148640094D7F5 /* UICollectionViewController.swift */,
				C81486742973A378005DBB08 /* UIView.swift */,
				C81486762973A4F3005DBB08 /* UIWindow.swift */,
			);
			path = Extensions;
			sourceTree = "<group>";
		};
		C8D0F4AC296FC2ED00C5F74D /* Model */ = {
			isa = PBXGroup;
			children = (
				C8D0F4AD296FC33E00C5F74D /* RegionResponse.swift */,
				C8D0F4AF296FC34900C5F74D /* Region.swift */,
			);
			path = Model;
			sourceTree = "<group>";
		};
		C8D0F4B1296FC44100C5F74D /* Networking */ = {
			isa = PBXGroup;
			children = (
				C8D0F4B2296FC45400C5F74D /* APIManager.swift */,
				C8D0F4B4296FC7B300C5F74D /* Failure.swift */,
			);
			path = Networking;
			sourceTree = "<group>";
		};
		C8D0F4B6296FCE0400C5F74D /* PokemonList */ = {
			isa = PBXGroup;
			children = (
				C8D0F4BA296FCE7300C5F74D /* PokemonListCoordinator.swift */,
				C8D0F4B9296FCE2B00C5F74D /* Model */,
				C8D0F4B8296FCE2300C5F74D /* View */,
				C8D0F4B7296FCE1900C5F74D /* ViewModel */,
			);
			path = PokemonList;
			sourceTree = "<group>";
		};
		C8D0F4B7296FCE1900C5F74D /* ViewModel */ = {
			isa = PBXGroup;
			children = (
				C8D0F4BC296FCEA600C5F74D /* PokemonListViewModel.swift */,
			);
			path = ViewModel;
			sourceTree = "<group>";
		};
		C8D0F4B8296FCE2300C5F74D /* View */ = {
			isa = PBXGroup;
			children = (
				C821BE1629712ADA0094D7F5 /* Cell */,
				C8D0F4BE296FCF1300C5F74D /* PokemonListViewController.swift */,
			);
			path = View;
			sourceTree = "<group>";
		};
		C8D0F4B9296FCE2B00C5F74D /* Model */ = {
			isa = PBXGroup;
			children = (
				C8D0F4C0296FD0EC00C5F74D /* PokemonResponse.swift */,
				C8D0F4C2296FD0FF00C5F74D /* Pokemon.swift */,
			);
			path = Model;
			sourceTree = "<group>";
		};
		C8D0F4C4296FE9EA00C5F74D /* PokedexList */ = {
			isa = PBXGroup;
			children = (
				C8D0F4C8296FEA1C00C5F74D /* PokedexListCoordinator.swift */,
				C8D0F4C7296FEA0400C5F74D /* Model */,
				C8D0F4C6296FE9FF00C5F74D /* View */,
				C8D0F4C5296FE9F400C5F74D /* ViewModel */,
			);
			path = PokedexList;
			sourceTree = "<group>";
		};
		C8D0F4C5296FE9F400C5F74D /* ViewModel */ = {
			isa = PBXGroup;
			children = (
				C8D0F4CA296FEA5700C5F74D /* PokedexListViewModel.swift */,
			);
			path = ViewModel;
			sourceTree = "<group>";
		};
		C8D0F4C6296FE9FF00C5F74D /* View */ = {
			isa = PBXGroup;
			children = (
				C8D0F4CC296FEA6A00C5F74D /* PokedexListViewController.swift */,
			);
			path = View;
			sourceTree = "<group>";
		};
		C8D0F4C7296FEA0400C5F74D /* Model */ = {
			isa = PBXGroup;
			children = (
				C8D0F4CE296FEFA600C5F74D /* PokedexResponse.swift */,
				C8D0F4D0296FEFB800C5F74D /* Pokedex.swift */,
			);
			path = Model;
			sourceTree = "<group>";
		};
		CED88C4C296F7EC6000F51C1 /* Home */ = {
			isa = PBXGroup;
			children = (
				C8D0F4A0296FA2ED00C5F74D /* HomeCoordinator.swift */,
				C8D0F4AC296FC2ED00C5F74D /* Model */,
				CED88C4D296F8781000F51C1 /* View */,
				C8D0F499296FA29700C5F74D /* ViewModel */,
			);
			path = Home;
			sourceTree = "<group>";
		};
		CED88C4D296F8781000F51C1 /* View */ = {
			isa = PBXGroup;
			children = (
				C8D0F4A2296FA3A700C5F74D /* HomeViewController.swift */,
			);
			path = View;
			sourceTree = "<group>";
		};
/* End PBXGroup section */

/* Begin PBXNativeTarget section */
		C8D0F456296F40D300C5F74D /* Pokedex-iOS */ = {
			isa = PBXNativeTarget;
			buildConfigurationList = C8D0F46B296F40D400C5F74D /* Build configuration list for PBXNativeTarget "Pokedex-iOS" */;
			buildPhases = (
				C8D0F453296F40D300C5F74D /* Sources */,
				C8D0F454296F40D300C5F74D /* Frameworks */,
				C8D0F455296F40D300C5F74D /* Resources */,
			);
			buildRules = (
			);
			dependencies = (
			);
			name = "Pokedex-iOS";
			packageProductDependencies = (
				C8D0F488296F809F00C5F74D /* FirebaseAnalytics */,
				C8D0F48A296F809F00C5F74D /* FirebaseAnalyticsSwift */,
				C8D0F48C296F809F00C5F74D /* FirebaseAuth */,
				C8D0F48E296F809F00C5F74D /* FirebaseCrashlytics */,
				C8D0F490296F809F00C5F74D /* FirebaseDatabase */,
				C8D0F492296F809F00C5F74D /* FirebaseDatabaseSwift */,
				C8D0F495296F96EA00C5F74D /* GoogleSignIn */,
				C8D0F497296F96EA00C5F74D /* GoogleSignInSwift */,
				C824C36B297298BB00662885 /* CodableFirebase */,
			);
			productName = "Pokedex-iOS";
			productReference = C8D0F457296F40D300C5F74D /* Pokedex-iOS.app */;
			productType = "com.apple.product-type.application";
		};
/* End PBXNativeTarget section */

/* Begin PBXProject section */
		C8D0F44F296F40D300C5F74D /* Project object */ = {
			isa = PBXProject;
			attributes = {
				BuildIndependentTargetsInParallel = 1;
				LastSwiftUpdateCheck = 1400;
				LastUpgradeCheck = 1400;
				TargetAttributes = {
					C8D0F456296F40D300C5F74D = {
						CreatedOnToolsVersion = 14.0.1;
					};
				};
			};
			buildConfigurationList = C8D0F452296F40D300C5F74D /* Build configuration list for PBXProject "Pokedex-iOS" */;
			compatibilityVersion = "Xcode 14.0";
			developmentRegion = en;
			hasScannedForEncodings = 0;
			knownRegions = (
				en,
				Base,
			);
			mainGroup = C8D0F44E296F40D300C5F74D;
			packageReferences = (
				C8D0F487296F809F00C5F74D /* XCRemoteSwiftPackageReference "firebase-ios-sdk" */,
				C8D0F494296F96EA00C5F74D /* XCRemoteSwiftPackageReference "GoogleSignIn-iOS" */,
				C824C36A297298BB00662885 /* XCRemoteSwiftPackageReference "CodableFirebase" */,
			);
			productRefGroup = C8D0F458296F40D300C5F74D /* Products */;
			projectDirPath = "";
			projectRoot = "";
			targets = (
				C8D0F456296F40D300C5F74D /* Pokedex-iOS */,
			);
		};
/* End PBXProject section */

/* Begin PBXResourcesBuildPhase section */
		C8D0F455296F40D300C5F74D /* Resources */ = {
			isa = PBXResourcesBuildPhase;
			buildActionMask = 2147483647;
			files = (
				C8D0F467296F40D400C5F74D /* LaunchScreen.storyboard in Resources */,
				C8D0F464296F40D400C5F74D /* Assets.xcassets in Resources */,
				C8D0F486296F7DEB00C5F74D /* GoogleService-Info.plist in Resources */,
				C8D0F484296F438F00C5F74D /* LogInViewController.xib in Resources */,
				C821BE1A29712B1B0094D7F5 /* PokemonCollectionViewCell.xib in Resources */,
				C830BD2E29705C3B003A52C4 /* PokemonDetailViewController.xib in Resources */,
			);
			runOnlyForDeploymentPostprocessing = 0;
		};
/* End PBXResourcesBuildPhase section */

/* Begin PBXSourcesBuildPhase section */
		C8D0F453296F40D300C5F74D /* Sources */ = {
			isa = PBXSourcesBuildPhase;
			buildActionMask = 2147483647;
			files = (
				C81486752973A378005DBB08 /* UIView.swift in Sources */,
				C8D0F4B3296FC45400C5F74D /* APIManager.swift in Sources */,
				C830BD2829705C1A003A52C4 /* PokemonDetailCoordinator.swift in Sources */,
				C81486772973A4F3005DBB08 /* UIWindow.swift in Sources */,
				C8D0F480296F437400C5F74D /* LogInViewModel.swift in Sources */,
				C821BE1929712B1B0094D7F5 /* PokemonCollectionViewCell.swift in Sources */,
				C814866B29739E23005DBB08 /* SideMenuViewModel.swift in Sources */,
				C821BE1C29712E030094D7F5 /* UICollectionView+ReusableView.swift in Sources */,
				C821BE2029714F600094D7F5 /* Language.swift in Sources */,
				C8D0F477296F420E00C5F74D /* Coordinator.swift in Sources */,
				C8D0F4A9296FA66000C5F74D /* UIAlertController+Builder.swift in Sources */,
				C8D0F4B0296FC34900C5F74D /* Region.swift in Sources */,
				C830BD2A29705C26003A52C4 /* PokemonDetailViewModel.swift in Sources */,
				C8D0F4B5296FC7B300C5F74D /* Failure.swift in Sources */,
				C87287482972F7A9004680D9 /* PokemonTeamViewController.swift in Sources */,
				C8D0F4AB296FA9B600C5F74D /* AppStyle.swift in Sources */,
				C8D0F45B296F40D300C5F74D /* AppDelegate.swift in Sources */,
				C8D0F49F296FA2DA00C5F74D /* HomeViewModel.swift in Sources */,
				C814866D29739EA5005DBB08 /* Option.swift in Sources */,
				C8D0F47E296F433700C5F74D /* LogInCoordinator.swift in Sources */,
				C8D0F4BB296FCE7300C5F74D /* PokemonListCoordinator.swift in Sources */,
				C8D0F4CF296FEFA600C5F74D /* PokedexResponse.swift in Sources */,
				C8D0F483296F438F00C5F74D /* LogInViewController.swift in Sources */,
				C8D0F479296F421A00C5F74D /* Router.swift in Sources */,
				C824C3632972877C00662885 /* TeamListCoordinator.swift in Sources */,
				C8D0F4A4296FA3A700C5F74D /* HomeViewController.swift in Sources */,
				C830BD2D29705C3B003A52C4 /* PokemonDetailViewController.swift in Sources */,
				C824C369297287B800662885 /* Team.swift in Sources */,
				C87287442972F78D004680D9 /* PokemonTeamCoordinator.swift in Sources */,
				C821BE1E297148640094D7F5 /* UICollectionViewController.swift in Sources */,
				C830BD36297077AD003A52C4 /* ImageCacheStore.swift in Sources */,
				C8D0F472296F416100C5F74D /* AppTransition.swift in Sources */,
				C830BD322970693F003A52C4 /* Group.swift in Sources */,
				C8D0F4CD296FEA6A00C5F74D /* PokedexListViewController.swift in Sources */,
				C8D0F4C1296FD0EC00C5F74D /* PokemonResponse.swift in Sources */,
				C814866F2973A28A005DBB08 /* SidebarCollectionView.swift in Sources */,
				C8D0F4BD296FCEA600C5F74D /* PokemonListViewModel.swift in Sources */,
				C824C367297287AC00662885 /* TeamListViewController.swift in Sources */,
				C81486732973A2C5005DBB08 /* SidebarViewContainer.swift in Sources */,
				C8D0F4C3296FD0FF00C5F74D /* Pokemon.swift in Sources */,
				C81486712973A2B7005DBB08 /* SidebarView.swift in Sources */,
				C87287462972F79D004680D9 /* PokemonTeamViewModel.swift in Sources */,
				C824C35D29724F1300662885 /* UserDefaultsManager.swift in Sources */,
				C8D0F4C9296FEA1C00C5F74D /* PokedexListCoordinator.swift in Sources */,
				C8D0F46F296F414600C5F74D /* App.swift in Sources */,
				C830BD302970681A003A52C4 /* PokemonDetailBase.swift in Sources */,
				C8D0F4AE296FC33E00C5F74D /* RegionResponse.swift in Sources */,
				C830BD342970694D003A52C4 /* FlavorText.swift in Sources */,
				C8D0F4BF296FCF1300C5F74D /* PokemonListViewController.swift in Sources */,
				C8D0F4A1296FA2ED00C5F74D /* HomeCoordinator.swift in Sources */,
				C8D0F4CB296FEA5700C5F74D /* PokedexListViewModel.swift in Sources */,
				C8D0F4D1296FEFB800C5F74D /* Pokedex.swift in Sources */,
				C824C3652972878B00662885 /* TeamListViewModel.swift in Sources */,
			);
			runOnlyForDeploymentPostprocessing = 0;
		};
/* End PBXSourcesBuildPhase section */

/* Begin PBXVariantGroup section */
		C8D0F465296F40D400C5F74D /* LaunchScreen.storyboard */ = {
			isa = PBXVariantGroup;
			children = (
				C8D0F466296F40D400C5F74D /* Base */,
			);
			name = LaunchScreen.storyboard;
			sourceTree = "<group>";
		};
/* End PBXVariantGroup section */

/* Begin XCBuildConfiguration section */
		C8D0F469296F40D400C5F74D /* Debug */ = {
			isa = XCBuildConfiguration;
			buildSettings = {
				ALWAYS_SEARCH_USER_PATHS = NO;
				CLANG_ANALYZER_NONNULL = YES;
				CLANG_ANALYZER_NUMBER_OBJECT_CONVERSION = YES_AGGRESSIVE;
				CLANG_CXX_LANGUAGE_STANDARD = "gnu++20";
				CLANG_ENABLE_MODULES = YES;
				CLANG_ENABLE_OBJC_ARC = YES;
				CLANG_ENABLE_OBJC_WEAK = YES;
				CLANG_WARN_BLOCK_CAPTURE_AUTORELEASING = YES;
				CLANG_WARN_BOOL_CONVERSION = YES;
				CLANG_WARN_COMMA = YES;
				CLANG_WARN_CONSTANT_CONVERSION = YES;
				CLANG_WARN_DEPRECATED_OBJC_IMPLEMENTATIONS = YES;
				CLANG_WARN_DIRECT_OBJC_ISA_USAGE = YES_ERROR;
				CLANG_WARN_DOCUMENTATION_COMMENTS = YES;
				CLANG_WARN_EMPTY_BODY = YES;
				CLANG_WARN_ENUM_CONVERSION = YES;
				CLANG_WARN_INFINITE_RECURSION = YES;
				CLANG_WARN_INT_CONVERSION = YES;
				CLANG_WARN_NON_LITERAL_NULL_CONVERSION = YES;
				CLANG_WARN_OBJC_IMPLICIT_RETAIN_SELF = YES;
				CLANG_WARN_OBJC_LITERAL_CONVERSION = YES;
				CLANG_WARN_OBJC_ROOT_CLASS = YES_ERROR;
				CLANG_WARN_QUOTED_INCLUDE_IN_FRAMEWORK_HEADER = YES;
				CLANG_WARN_RANGE_LOOP_ANALYSIS = YES;
				CLANG_WARN_STRICT_PROTOTYPES = YES;
				CLANG_WARN_SUSPICIOUS_MOVE = YES;
				CLANG_WARN_UNGUARDED_AVAILABILITY = YES_AGGRESSIVE;
				CLANG_WARN_UNREACHABLE_CODE = YES;
				CLANG_WARN__DUPLICATE_METHOD_MATCH = YES;
				COPY_PHASE_STRIP = NO;
				DEBUG_INFORMATION_FORMAT = dwarf;
				ENABLE_STRICT_OBJC_MSGSEND = YES;
				ENABLE_TESTABILITY = YES;
				GCC_C_LANGUAGE_STANDARD = gnu11;
				GCC_DYNAMIC_NO_PIC = NO;
				GCC_NO_COMMON_BLOCKS = YES;
				GCC_OPTIMIZATION_LEVEL = 0;
				GCC_PREPROCESSOR_DEFINITIONS = (
					"DEBUG=1",
					"$(inherited)",
				);
				GCC_WARN_64_TO_32_BIT_CONVERSION = YES;
				GCC_WARN_ABOUT_RETURN_TYPE = YES_ERROR;
				GCC_WARN_UNDECLARED_SELECTOR = YES;
				GCC_WARN_UNINITIALIZED_AUTOS = YES_AGGRESSIVE;
				GCC_WARN_UNUSED_FUNCTION = YES;
				GCC_WARN_UNUSED_VARIABLE = YES;
				IPHONEOS_DEPLOYMENT_TARGET = 16.0;
				MTL_ENABLE_DEBUG_INFO = INCLUDE_SOURCE;
				MTL_FAST_MATH = YES;
				ONLY_ACTIVE_ARCH = YES;
				SDKROOT = iphoneos;
				SWIFT_ACTIVE_COMPILATION_CONDITIONS = DEBUG;
				SWIFT_OPTIMIZATION_LEVEL = "-Onone";
			};
			name = Debug;
		};
		C8D0F46A296F40D400C5F74D /* Release */ = {
			isa = XCBuildConfiguration;
			buildSettings = {
				ALWAYS_SEARCH_USER_PATHS = NO;
				CLANG_ANALYZER_NONNULL = YES;
				CLANG_ANALYZER_NUMBER_OBJECT_CONVERSION = YES_AGGRESSIVE;
				CLANG_CXX_LANGUAGE_STANDARD = "gnu++20";
				CLANG_ENABLE_MODULES = YES;
				CLANG_ENABLE_OBJC_ARC = YES;
				CLANG_ENABLE_OBJC_WEAK = YES;
				CLANG_WARN_BLOCK_CAPTURE_AUTORELEASING = YES;
				CLANG_WARN_BOOL_CONVERSION = YES;
				CLANG_WARN_COMMA = YES;
				CLANG_WARN_CONSTANT_CONVERSION = YES;
				CLANG_WARN_DEPRECATED_OBJC_IMPLEMENTATIONS = YES;
				CLANG_WARN_DIRECT_OBJC_ISA_USAGE = YES_ERROR;
				CLANG_WARN_DOCUMENTATION_COMMENTS = YES;
				CLANG_WARN_EMPTY_BODY = YES;
				CLANG_WARN_ENUM_CONVERSION = YES;
				CLANG_WARN_INFINITE_RECURSION = YES;
				CLANG_WARN_INT_CONVERSION = YES;
				CLANG_WARN_NON_LITERAL_NULL_CONVERSION = YES;
				CLANG_WARN_OBJC_IMPLICIT_RETAIN_SELF = YES;
				CLANG_WARN_OBJC_LITERAL_CONVERSION = YES;
				CLANG_WARN_OBJC_ROOT_CLASS = YES_ERROR;
				CLANG_WARN_QUOTED_INCLUDE_IN_FRAMEWORK_HEADER = YES;
				CLANG_WARN_RANGE_LOOP_ANALYSIS = YES;
				CLANG_WARN_STRICT_PROTOTYPES = YES;
				CLANG_WARN_SUSPICIOUS_MOVE = YES;
				CLANG_WARN_UNGUARDED_AVAILABILITY = YES_AGGRESSIVE;
				CLANG_WARN_UNREACHABLE_CODE = YES;
				CLANG_WARN__DUPLICATE_METHOD_MATCH = YES;
				COPY_PHASE_STRIP = NO;
				DEBUG_INFORMATION_FORMAT = "dwarf-with-dsym";
				ENABLE_NS_ASSERTIONS = NO;
				ENABLE_STRICT_OBJC_MSGSEND = YES;
				GCC_C_LANGUAGE_STANDARD = gnu11;
				GCC_NO_COMMON_BLOCKS = YES;
				GCC_WARN_64_TO_32_BIT_CONVERSION = YES;
				GCC_WARN_ABOUT_RETURN_TYPE = YES_ERROR;
				GCC_WARN_UNDECLARED_SELECTOR = YES;
				GCC_WARN_UNINITIALIZED_AUTOS = YES_AGGRESSIVE;
				GCC_WARN_UNUSED_FUNCTION = YES;
				GCC_WARN_UNUSED_VARIABLE = YES;
				IPHONEOS_DEPLOYMENT_TARGET = 16.0;
				MTL_ENABLE_DEBUG_INFO = NO;
				MTL_FAST_MATH = YES;
				SDKROOT = iphoneos;
				SWIFT_COMPILATION_MODE = wholemodule;
				SWIFT_OPTIMIZATION_LEVEL = "-O";
				VALIDATE_PRODUCT = YES;
			};
			name = Release;
		};
		C8D0F46C296F40D400C5F74D /* Debug */ = {
			isa = XCBuildConfiguration;
			buildSettings = {
				ASSETCATALOG_COMPILER_APPICON_NAME = AppIcon;
				ASSETCATALOG_COMPILER_GLOBAL_ACCENT_COLOR_NAME = AccentColor;
				CODE_SIGN_STYLE = Automatic;
				CURRENT_PROJECT_VERSION = 1;
				DEVELOPMENT_TEAM = U2YUTKJJV6;
				GENERATE_INFOPLIST_FILE = YES;
				INFOPLIST_FILE = "Pokedex-iOS/Info.plist";
				INFOPLIST_KEY_UIApplicationSupportsIndirectInputEvents = YES;
				INFOPLIST_KEY_UILaunchStoryboardName = LaunchScreen;
				INFOPLIST_KEY_UISupportedInterfaceOrientations_iPad = "UIInterfaceOrientationPortrait UIInterfaceOrientationPortraitUpsideDown UIInterfaceOrientationLandscapeLeft UIInterfaceOrientationLandscapeRight";
				INFOPLIST_KEY_UISupportedInterfaceOrientations_iPhone = "UIInterfaceOrientationPortrait UIInterfaceOrientationLandscapeLeft UIInterfaceOrientationLandscapeRight";
				LD_RUNPATH_SEARCH_PATHS = (
					"$(inherited)",
					"@executable_path/Frameworks",
				);
				MARKETING_VERSION = 1.0;
				PRODUCT_BUNDLE_IDENTIFIER = "bmejia.Pokedex-iOS";
				PRODUCT_NAME = "$(TARGET_NAME)";
				SWIFT_EMIT_LOC_STRINGS = YES;
				SWIFT_VERSION = 5.0;
				TARGETED_DEVICE_FAMILY = "1,2";
			};
			name = Debug;
		};
		C8D0F46D296F40D400C5F74D /* Release */ = {
			isa = XCBuildConfiguration;
			buildSettings = {
				ASSETCATALOG_COMPILER_APPICON_NAME = AppIcon;
				ASSETCATALOG_COMPILER_GLOBAL_ACCENT_COLOR_NAME = AccentColor;
				CODE_SIGN_STYLE = Automatic;
				CURRENT_PROJECT_VERSION = 1;
				DEVELOPMENT_TEAM = U2YUTKJJV6;
				GENERATE_INFOPLIST_FILE = YES;
				INFOPLIST_FILE = "Pokedex-iOS/Info.plist";
				INFOPLIST_KEY_UIApplicationSupportsIndirectInputEvents = YES;
				INFOPLIST_KEY_UILaunchStoryboardName = LaunchScreen;
				INFOPLIST_KEY_UISupportedInterfaceOrientations_iPad = "UIInterfaceOrientationPortrait UIInterfaceOrientationPortraitUpsideDown UIInterfaceOrientationLandscapeLeft UIInterfaceOrientationLandscapeRight";
				INFOPLIST_KEY_UISupportedInterfaceOrientations_iPhone = "UIInterfaceOrientationPortrait UIInterfaceOrientationLandscapeLeft UIInterfaceOrientationLandscapeRight";
				LD_RUNPATH_SEARCH_PATHS = (
					"$(inherited)",
					"@executable_path/Frameworks",
				);
				MARKETING_VERSION = 1.0;
				PRODUCT_BUNDLE_IDENTIFIER = "bmejia.Pokedex-iOS";
				PRODUCT_NAME = "$(TARGET_NAME)";
				SWIFT_EMIT_LOC_STRINGS = YES;
				SWIFT_VERSION = 5.0;
				TARGETED_DEVICE_FAMILY = "1,2";
			};
			name = Release;
		};
/* End XCBuildConfiguration section */

/* Begin XCConfigurationList section */
		C8D0F452296F40D300C5F74D /* Build configuration list for PBXProject "Pokedex-iOS" */ = {
			isa = XCConfigurationList;
			buildConfigurations = (
				C8D0F469296F40D400C5F74D /* Debug */,
				C8D0F46A296F40D400C5F74D /* Release */,
			);
			defaultConfigurationIsVisible = 0;
			defaultConfigurationName = Release;
		};
		C8D0F46B296F40D400C5F74D /* Build configuration list for PBXNativeTarget "Pokedex-iOS" */ = {
			isa = XCConfigurationList;
			buildConfigurations = (
				C8D0F46C296F40D400C5F74D /* Debug */,
				C8D0F46D296F40D400C5F74D /* Release */,
			);
			defaultConfigurationIsVisible = 0;
			defaultConfigurationName = Release;
		};
/* End XCConfigurationList section */

/* Begin XCRemoteSwiftPackageReference section */
		C824C36A297298BB00662885 /* XCRemoteSwiftPackageReference "CodableFirebase" */ = {
			isa = XCRemoteSwiftPackageReference;
			repositoryURL = "https://github.com/alickbass/CodableFirebase.git";
			requirement = {
				kind = upToNextMajorVersion;
				minimumVersion = 0.2.2;
			};
		};
		C8D0F487296F809F00C5F74D /* XCRemoteSwiftPackageReference "firebase-ios-sdk" */ = {
			isa = XCRemoteSwiftPackageReference;
			repositoryURL = "https://github.com/firebase/firebase-ios-sdk.git";
			requirement = {
				kind = exactVersion;
				version = 9.6.0;
			};
		};
		C8D0F494296F96EA00C5F74D /* XCRemoteSwiftPackageReference "GoogleSignIn-iOS" */ = {
			isa = XCRemoteSwiftPackageReference;
			repositoryURL = "https://github.com/google/GoogleSignIn-iOS.git";
			requirement = {
				kind = upToNextMinorVersion;
				minimumVersion = 7.0.0;
			};
		};
/* End XCRemoteSwiftPackageReference section */

/* Begin XCSwiftPackageProductDependency section */
		C824C36B297298BB00662885 /* CodableFirebase */ = {
			isa = XCSwiftPackageProductDependency;
			package = C824C36A297298BB00662885 /* XCRemoteSwiftPackageReference "CodableFirebase" */;
			productName = CodableFirebase;
		};
		C8D0F488296F809F00C5F74D /* FirebaseAnalytics */ = {
			isa = XCSwiftPackageProductDependency;
			package = C8D0F487296F809F00C5F74D /* XCRemoteSwiftPackageReference "firebase-ios-sdk" */;
			productName = FirebaseAnalytics;
		};
		C8D0F48A296F809F00C5F74D /* FirebaseAnalyticsSwift */ = {
			isa = XCSwiftPackageProductDependency;
			package = C8D0F487296F809F00C5F74D /* XCRemoteSwiftPackageReference "firebase-ios-sdk" */;
			productName = FirebaseAnalyticsSwift;
		};
		C8D0F48C296F809F00C5F74D /* FirebaseAuth */ = {
			isa = XCSwiftPackageProductDependency;
			package = C8D0F487296F809F00C5F74D /* XCRemoteSwiftPackageReference "firebase-ios-sdk" */;
			productName = FirebaseAuth;
		};
		C8D0F48E296F809F00C5F74D /* FirebaseCrashlytics */ = {
			isa = XCSwiftPackageProductDependency;
			package = C8D0F487296F809F00C5F74D /* XCRemoteSwiftPackageReference "firebase-ios-sdk" */;
			productName = FirebaseCrashlytics;
		};
		C8D0F490296F809F00C5F74D /* FirebaseDatabase */ = {
			isa = XCSwiftPackageProductDependency;
			package = C8D0F487296F809F00C5F74D /* XCRemoteSwiftPackageReference "firebase-ios-sdk" */;
			productName = FirebaseDatabase;
		};
		C8D0F492296F809F00C5F74D /* FirebaseDatabaseSwift */ = {
			isa = XCSwiftPackageProductDependency;
			package = C8D0F487296F809F00C5F74D /* XCRemoteSwiftPackageReference "firebase-ios-sdk" */;
			productName = FirebaseDatabaseSwift;
		};
		C8D0F495296F96EA00C5F74D /* GoogleSignIn */ = {
			isa = XCSwiftPackageProductDependency;
			package = C8D0F494296F96EA00C5F74D /* XCRemoteSwiftPackageReference "GoogleSignIn-iOS" */;
			productName = GoogleSignIn;
		};
		C8D0F497296F96EA00C5F74D /* GoogleSignInSwift */ = {
			isa = XCSwiftPackageProductDependency;
			package = C8D0F494296F96EA00C5F74D /* XCRemoteSwiftPackageReference "GoogleSignIn-iOS" */;
			productName = GoogleSignInSwift;
		};
/* End XCSwiftPackageProductDependency section */
	};
	rootObject = C8D0F44F296F40D300C5F74D /* Project object */;
}
